
Microsoft Visual Studio Solution File, Format Version 12.00
# Visual Studio 2013
VisualStudioVersion = 12.0.21005.1
MinimumVisualStudioVersion = 10.0.40219.1
Project("{FAE04EC0-301F-11D3-BF4B-00C04F79EFBC}") = "HydroCloud", "HydroCloud.csproj", "{726B61EA-B7E2-40B7-9910-7783162782F0}"
	ProjectSection(ProjectDependencies) = postProject
		{02BED7A3-4EB7-4404-8A30-B4AE699B0ED4} = {02BED7A3-4EB7-4404-8A30-B4AE699B0ED4}
	EndProjectSection
EndProject
Project("{FAE04EC0-301F-11D3-BF4B-00C04F79EFBC}") = "HydroCloud.Web", "..\HydroCloud.Web\HydroCloud.Web.csproj", "{02BED7A3-4EB7-4404-8A30-B4AE699B0ED4}"
EndProject
Project("{FAE04EC0-301F-11D3-BF4B-00C04F79EFBC}") = "Silverglobe", "..\SilverGlobe\Silverglobe.csproj", "{3E2D25C6-58AE-4587-9DA9-C8F7A2A99550}"
EndProject
Global
	GlobalSection(SolutionConfigurationPlatforms) = preSolution
		Debug|Any CPU = Debug|Any CPU
		Debug|x64 = Debug|x64
		Debug|x86 = Debug|x86
		Release|Any CPU = Release|Any CPU
		Release|x64 = Release|x64
		Release|x86 = Release|x86
	EndGlobalSection
	GlobalSection(ProjectConfigurationPlatforms) = postSolution
		{726B61EA-B7E2-40B7-9910-7783162782F0}.Debug|Any CPU.ActiveCfg = Debug|Any CPU
		{726B61EA-B7E2-40B7-9910-7783162782F0}.Debug|Any CPU.Build.0 = Debug|Any CPU
		{726B61EA-B7E2-40B7-9910-7783162782F0}.Debug|x64.ActiveCfg = Debug|Any CPU
		{726B61EA-B7E2-40B7-9910-7783162782F0}.Debug|x86.ActiveCfg = Debug|Any CPU
		{726B61EA-B7E2-40B7-9910-7783162782F0}.Release|Any CPU.ActiveCfg = Release|Any CPU
		{726B61EA-B7E2-40B7-9910-7783162782F0}.Release|Any CPU.Build.0 = Release|Any CPU
		{726B61EA-B7E2-40B7-9910-7783162782F0}.Release|x64.ActiveCfg = Release|Any CPU
		{726B61EA-B7E2-40B7-9910-7783162782F0}.Release|x86.ActiveCfg = Release|Any CPU
		{02BED7A3-4EB7-4404-8A30-B4AE699B0ED4}.Debug|Any CPU.ActiveCfg = Debug|Any CPU
		{02BED7A3-4EB7-4404-8A30-B4AE699B0ED4}.Debug|Any CPU.Build.0 = Debug|Any CPU
		{02BED7A3-4EB7-4404-8A30-B4AE699B0ED4}.Debug|x64.ActiveCfg = Debug|Any CPU
		{02BED7A3-4EB7-4404-8A30-B4AE699B0ED4}.Debug|x86.ActiveCfg = Debug|Any CPU
		{02BED7A3-4EB7-4404-8A30-B4AE699B0ED4}.Release|Any CPU.ActiveCfg = Release|Any CPU
		{02BED7A3-4EB7-4404-8A30-B4AE699B0ED4}.Release|Any CPU.Build.0 = Release|Any CPU
		{02BED7A3-4EB7-4404-8A30-B4AE699B0ED4}.Release|x64.ActiveCfg = Release|Any CPU
		{02BED7A3-4EB7-4404-8A30-B4AE699B0ED4}.Release|x86.ActiveCfg = Release|Any CPU
		{3E2D25C6-58AE-4587-9DA9-C8F7A2A99550}.Debug|Any CPU.ActiveCfg = Debug|Any CPU
		{3E2D25C6-58AE-4587-9DA9-C8F7A2A99550}.Debug|Any CPU.Build.0 = Debug|Any CPU
		{3E2D25C6-58AE-4587-9DA9-C8F7A2A99550}.Debug|x64.ActiveCfg = Debug|Any CPU
		{3E2D25C6-58AE-4587-9DA9-C8F7A2A99550}.Debug|x86.ActiveCfg = Debug|Any CPU
		{3E2D25C6-58AE-4587-9DA9-C8F7A2A99550}.Release|Any CPU.ActiveCfg = Release|Any CPU
		{3E2D25C6-58AE-4587-9DA9-C8F7A2A99550}.Release|Any CPU.Build.0 = Release|Any CPU
		{3E2D25C6-58AE-4587-9DA9-C8F7A2A99550}.Release|x64.ActiveCfg = Release|Any CPU
		{3E2D25C6-58AE-4587-9DA9-C8F7A2A99550}.Release|x86.ActiveCfg = Release|Any CPU
	EndGlobalSection
	GlobalSection(SolutionProperties) = preSolution
		HideSolutionNode = FALSE
	EndGlobalSection
EndGlobal
